// !$*UTF8*$!
{
	archiveVersion = 1;
	classes = {
	};
	objectVersion = 51;
	objects = {

/* Begin PBXBuildFile section */
		46D3B50C69D09717896081B1 /* Pods_VideoPlayerTests.framework in Frameworks */ = {isa = PBXBuildFile; fileRef = D494F20D123E2D58FFBD168A /* Pods_VideoPlayerTests.framework */; };
		53173F34F04F038E77998400 /* Pods_VideoPlayer.framework in Frameworks */ = {isa = PBXBuildFile; fileRef = CED97FAC92B734B19CB8EE68 /* Pods_VideoPlayer.framework */; };
		A621D3EE26D876A7006D4F65 /* AppDelegate.swift in Sources */ = {isa = PBXBuildFile; fileRef = A621D3ED26D876A7006D4F65 /* AppDelegate.swift */; };
		A621D3F026D876A7006D4F65 /* SceneDelegate.swift in Sources */ = {isa = PBXBuildFile; fileRef = A621D3EF26D876A7006D4F65 /* SceneDelegate.swift */; };
		A621D3F226D876A7006D4F65 /* ViewController.swift in Sources */ = {isa = PBXBuildFile; fileRef = A621D3F126D876A7006D4F65 /* ViewController.swift */; };
		A621D3F526D876A7006D4F65 /* Main.storyboard in Resources */ = {isa = PBXBuildFile; fileRef = A621D3F326D876A7006D4F65 /* Main.storyboard */; };
		A621D3F726D876A9006D4F65 /* Assets.xcassets in Resources */ = {isa = PBXBuildFile; fileRef = A621D3F626D876A9006D4F65 /* Assets.xcassets */; };
		A621D3FA26D876A9006D4F65 /* LaunchScreen.storyboard in Resources */ = {isa = PBXBuildFile; fileRef = A621D3F826D876A9006D4F65 /* LaunchScreen.storyboard */; };
		A621D40526D876A9006D4F65 /* VideoPlayerTests.swift in Sources */ = {isa = PBXBuildFile; fileRef = A621D40426D876A9006D4F65 /* VideoPlayerTests.swift */; };
		A621D41026D876A9006D4F65 /* VideoPlayerUITests.swift in Sources */ = {isa = PBXBuildFile; fileRef = A621D40F26D876A9006D4F65 /* VideoPlayerUITests.swift */; };
		CE4D244827F1023500F43BCA /* ViewModelTests.swift in Sources */ = {isa = PBXBuildFile; fileRef = CE4D244727F1023500F43BCA /* ViewModelTests.swift */; };
		CE4D244E27F104B300F43BCA /* DataProvider.swift in Sources */ = {isa = PBXBuildFile; fileRef = CE4D244D27F104B300F43BCA /* DataProvider.swift */; };
		CE4D245227F1062200F43BCA /* VideoModelTests.swift in Sources */ = {isa = PBXBuildFile; fileRef = CE4D245127F1062200F43BCA /* VideoModelTests.swift */; };
		CE4D245427F1074200F43BCA /* DummyDataModel.swift in Sources */ = {isa = PBXBuildFile; fileRef = CE4D245327F1074200F43BCA /* DummyDataModel.swift */; };
		CE4D245527F1074D00F43BCA /* playlist.json in Resources */ = {isa = PBXBuildFile; fileRef = CE4D244F27F1050700F43BCA /* playlist.json */; };
		CE4D245827F10AEC00F43BCA /* JSONDecoder+Extension.swift in Sources */ = {isa = PBXBuildFile; fileRef = CE4D245727F10AEC00F43BCA /* JSONDecoder+Extension.swift */; };
		CE72C24E27E77E4F002B9937 /* VideoModel.swift in Sources */ = {isa = PBXBuildFile; fileRef = CE72C24D27E77E4F002B9937 /* VideoModel.swift */; };
		CE72C25027E861C3002B9937 /* ViewModel.swift in Sources */ = {isa = PBXBuildFile; fileRef = CE72C24F27E861C3002B9937 /* ViewModel.swift */; };
		CE7CABEF27F0411000590B92 /* HttpRouter.swift in Sources */ = {isa = PBXBuildFile; fileRef = CE7CABEE27F0411000590B92 /* HttpRouter.swift */; };
		CE7CABF127F0422200590B92 /* HttpService.swift in Sources */ = {isa = PBXBuildFile; fileRef = CE7CABF027F0422200590B92 /* HttpService.swift */; };
		CE7CABF527F0448200590B92 /* VideoHttpService.swift in Sources */ = {isa = PBXBuildFile; fileRef = CE7CABF427F0448200590B92 /* VideoHttpService.swift */; };
		CE7CABF727F044B500590B92 /* VideoHttpRouter.swift in Sources */ = {isa = PBXBuildFile; fileRef = CE7CABF627F044B500590B92 /* VideoHttpRouter.swift */; };
		CE7CABF927F049FD00590B92 /* VideoService.swift in Sources */ = {isa = PBXBuildFile; fileRef = CE7CABF827F049FD00590B92 /* VideoService.swift */; };
		CE7CABFB27F04A1D00590B92 /* VideoAPI.swift in Sources */ = {isa = PBXBuildFile; fileRef = CE7CABFA27F04A1D00590B92 /* VideoAPI.swift */; };
		CE7CABFD27F05A0600590B92 /* CustomError.swift in Sources */ = {isa = PBXBuildFile; fileRef = CE7CABFC27F05A0600590B92 /* CustomError.swift */; };
		CE7CAC0027F0685D00590B92 /* VideoDataSource.swift in Sources */ = {isa = PBXBuildFile; fileRef = CE7CABFF27F0685D00590B92 /* VideoDataSource.swift */; };
		CE7CAC0327F068B100590B92 /* VideoRepository.swift in Sources */ = {isa = PBXBuildFile; fileRef = CE7CAC0227F068B100590B92 /* VideoRepository.swift */; };
		CE7CAC0527F0716300590B92 /* Repository.swift in Sources */ = {isa = PBXBuildFile; fileRef = CE7CAC0427F0716300590B92 /* Repository.swift */; };
		CE7CAC0727F0718200590B92 /* DataSource.swift in Sources */ = {isa = PBXBuildFile; fileRef = CE7CAC0627F0718200590B92 /* DataSource.swift */; };
		CE93B0DB27EE0D120066517B /* Cell.xib in Resources */ = {isa = PBXBuildFile; fileRef = CE93B0DA27EE0D120066517B /* Cell.xib */; };
		CE93B0DD27EE0D1E0066517B /* Cell.swift in Sources */ = {isa = PBXBuildFile; fileRef = CE93B0DC27EE0D1E0066517B /* Cell.swift */; };
/* End PBXBuildFile section */

/* Begin PBXContainerItemProxy section */
		A621D40126D876A9006D4F65 /* PBXContainerItemProxy */ = {
			isa = PBXContainerItemProxy;
			containerPortal = A621D3E226D876A7006D4F65 /* Project object */;
			proxyType = 1;
			remoteGlobalIDString = A621D3E926D876A7006D4F65;
			remoteInfo = VideoPlayer;
		};
		A621D40C26D876A9006D4F65 /* PBXContainerItemProxy */ = {
			isa = PBXContainerItemProxy;
			containerPortal = A621D3E226D876A7006D4F65 /* Project object */;
			proxyType = 1;
			remoteGlobalIDString = A621D3E926D876A7006D4F65;
			remoteInfo = VideoPlayer;
		};
/* End PBXContainerItemProxy section */

/* Begin PBXFileReference section */
		06169EDEEFF248EA52CFF30B /* Pods-VideoPlayer.debug.xcconfig */ = {isa = PBXFileReference; includeInIndex = 1; lastKnownFileType = text.xcconfig; name = "Pods-VideoPlayer.debug.xcconfig"; path = "Target Support Files/Pods-VideoPlayer/Pods-VideoPlayer.debug.xcconfig"; sourceTree = "<group>"; };
		1F9E69D2187869931846E765 /* Pods-VideoPlayerTests.debug.xcconfig */ = {isa = PBXFileReference; includeInIndex = 1; lastKnownFileType = text.xcconfig; name = "Pods-VideoPlayerTests.debug.xcconfig"; path = "Target Support Files/Pods-VideoPlayerTests/Pods-VideoPlayerTests.debug.xcconfig"; sourceTree = "<group>"; };
		335779EC90667E514391626C /* Pods-VideoPlayerTests.release.xcconfig */ = {isa = PBXFileReference; includeInIndex = 1; lastKnownFileType = text.xcconfig; name = "Pods-VideoPlayerTests.release.xcconfig"; path = "Target Support Files/Pods-VideoPlayerTests/Pods-VideoPlayerTests.release.xcconfig"; sourceTree = "<group>"; };
		A621D3EA26D876A7006D4F65 /* VideoPlayer.app */ = {isa = PBXFileReference; explicitFileType = wrapper.application; includeInIndex = 0; path = VideoPlayer.app; sourceTree = BUILT_PRODUCTS_DIR; };
		A621D3ED26D876A7006D4F65 /* AppDelegate.swift */ = {isa = PBXFileReference; lastKnownFileType = sourcecode.swift; path = AppDelegate.swift; sourceTree = "<group>"; };
		A621D3EF26D876A7006D4F65 /* SceneDelegate.swift */ = {isa = PBXFileReference; lastKnownFileType = sourcecode.swift; path = SceneDelegate.swift; sourceTree = "<group>"; };
		A621D3F126D876A7006D4F65 /* ViewController.swift */ = {isa = PBXFileReference; lastKnownFileType = sourcecode.swift; path = ViewController.swift; sourceTree = "<group>"; };
		A621D3F426D876A7006D4F65 /* Base */ = {isa = PBXFileReference; lastKnownFileType = file.storyboard; name = Base; path = Base.lproj/Main.storyboard; sourceTree = "<group>"; };
		A621D3F626D876A9006D4F65 /* Assets.xcassets */ = {isa = PBXFileReference; lastKnownFileType = folder.assetcatalog; path = Assets.xcassets; sourceTree = "<group>"; };
		A621D3F926D876A9006D4F65 /* Base */ = {isa = PBXFileReference; lastKnownFileType = file.storyboard; name = Base; path = Base.lproj/LaunchScreen.storyboard; sourceTree = "<group>"; };
		A621D3FB26D876A9006D4F65 /* Info.plist */ = {isa = PBXFileReference; lastKnownFileType = text.plist.xml; path = Info.plist; sourceTree = "<group>"; };
		A621D40026D876A9006D4F65 /* VideoPlayerTests.xctest */ = {isa = PBXFileReference; explicitFileType = wrapper.cfbundle; includeInIndex = 0; path = VideoPlayerTests.xctest; sourceTree = BUILT_PRODUCTS_DIR; };
		A621D40426D876A9006D4F65 /* VideoPlayerTests.swift */ = {isa = PBXFileReference; lastKnownFileType = sourcecode.swift; path = VideoPlayerTests.swift; sourceTree = "<group>"; };
		A621D40626D876A9006D4F65 /* Info.plist */ = {isa = PBXFileReference; lastKnownFileType = text.plist.xml; path = Info.plist; sourceTree = "<group>"; };
		A621D40B26D876A9006D4F65 /* VideoPlayerUITests.xctest */ = {isa = PBXFileReference; explicitFileType = wrapper.cfbundle; includeInIndex = 0; path = VideoPlayerUITests.xctest; sourceTree = BUILT_PRODUCTS_DIR; };
		A621D40F26D876A9006D4F65 /* VideoPlayerUITests.swift */ = {isa = PBXFileReference; lastKnownFileType = sourcecode.swift; path = VideoPlayerUITests.swift; sourceTree = "<group>"; };
		A621D41126D876A9006D4F65 /* Info.plist */ = {isa = PBXFileReference; lastKnownFileType = text.plist.xml; path = Info.plist; sourceTree = "<group>"; };
		BAAF6FC34B83158A16FD1554 /* Pods-VideoPlayer.release.xcconfig */ = {isa = PBXFileReference; includeInIndex = 1; lastKnownFileType = text.xcconfig; name = "Pods-VideoPlayer.release.xcconfig"; path = "Target Support Files/Pods-VideoPlayer/Pods-VideoPlayer.release.xcconfig"; sourceTree = "<group>"; };
		CE4D244727F1023500F43BCA /* ViewModelTests.swift */ = {isa = PBXFileReference; lastKnownFileType = sourcecode.swift; path = ViewModelTests.swift; sourceTree = "<group>"; };
		CE4D244D27F104B300F43BCA /* DataProvider.swift */ = {isa = PBXFileReference; lastKnownFileType = sourcecode.swift; path = DataProvider.swift; sourceTree = "<group>"; };
		CE4D244F27F1050700F43BCA /* playlist.json */ = {isa = PBXFileReference; lastKnownFileType = text.json; path = playlist.json; sourceTree = "<group>"; };
		CE4D245127F1062200F43BCA /* VideoModelTests.swift */ = {isa = PBXFileReference; lastKnownFileType = sourcecode.swift; path = VideoModelTests.swift; sourceTree = "<group>"; };
		CE4D245327F1074200F43BCA /* DummyDataModel.swift */ = {isa = PBXFileReference; lastKnownFileType = sourcecode.swift; path = DummyDataModel.swift; sourceTree = "<group>"; };
		CE4D245727F10AEC00F43BCA /* JSONDecoder+Extension.swift */ = {isa = PBXFileReference; lastKnownFileType = sourcecode.swift; path = "JSONDecoder+Extension.swift"; sourceTree = "<group>"; };
		CE72C24D27E77E4F002B9937 /* VideoModel.swift */ = {isa = PBXFileReference; lastKnownFileType = sourcecode.swift; path = VideoModel.swift; sourceTree = "<group>"; };
		CE72C24F27E861C3002B9937 /* ViewModel.swift */ = {isa = PBXFileReference; lastKnownFileType = sourcecode.swift; path = ViewModel.swift; sourceTree = "<group>"; };
		CE7CABEE27F0411000590B92 /* HttpRouter.swift */ = {isa = PBXFileReference; lastKnownFileType = sourcecode.swift; path = HttpRouter.swift; sourceTree = "<group>"; };
		CE7CABF027F0422200590B92 /* HttpService.swift */ = {isa = PBXFileReference; lastKnownFileType = sourcecode.swift; path = HttpService.swift; sourceTree = "<group>"; };
		CE7CABF427F0448200590B92 /* VideoHttpService.swift */ = {isa = PBXFileReference; lastKnownFileType = sourcecode.swift; path = VideoHttpService.swift; sourceTree = "<group>"; };
		CE7CABF627F044B500590B92 /* VideoHttpRouter.swift */ = {isa = PBXFileReference; lastKnownFileType = sourcecode.swift; path = VideoHttpRouter.swift; sourceTree = "<group>"; };
		CE7CABF827F049FD00590B92 /* VideoService.swift */ = {isa = PBXFileReference; lastKnownFileType = sourcecode.swift; path = VideoService.swift; sourceTree = "<group>"; };
		CE7CABFA27F04A1D00590B92 /* VideoAPI.swift */ = {isa = PBXFileReference; lastKnownFileType = sourcecode.swift; path = VideoAPI.swift; sourceTree = "<group>"; };
		CE7CABFC27F05A0600590B92 /* CustomError.swift */ = {isa = PBXFileReference; lastKnownFileType = sourcecode.swift; path = CustomError.swift; sourceTree = "<group>"; };
		CE7CABFF27F0685D00590B92 /* VideoDataSource.swift */ = {isa = PBXFileReference; lastKnownFileType = sourcecode.swift; path = VideoDataSource.swift; sourceTree = "<group>"; };
		CE7CAC0227F068B100590B92 /* VideoRepository.swift */ = {isa = PBXFileReference; lastKnownFileType = sourcecode.swift; path = VideoRepository.swift; sourceTree = "<group>"; };
		CE7CAC0427F0716300590B92 /* Repository.swift */ = {isa = PBXFileReference; lastKnownFileType = sourcecode.swift; path = Repository.swift; sourceTree = "<group>"; };
		CE7CAC0627F0718200590B92 /* DataSource.swift */ = {isa = PBXFileReference; lastKnownFileType = sourcecode.swift; path = DataSource.swift; sourceTree = "<group>"; };
		CE93B0DA27EE0D120066517B /* Cell.xib */ = {isa = PBXFileReference; lastKnownFileType = file.xib; path = Cell.xib; sourceTree = "<group>"; };
		CE93B0DC27EE0D1E0066517B /* Cell.swift */ = {isa = PBXFileReference; lastKnownFileType = sourcecode.swift; path = Cell.swift; sourceTree = "<group>"; };
		CED97FAC92B734B19CB8EE68 /* Pods_VideoPlayer.framework */ = {isa = PBXFileReference; explicitFileType = wrapper.framework; includeInIndex = 0; path = Pods_VideoPlayer.framework; sourceTree = BUILT_PRODUCTS_DIR; };
		D494F20D123E2D58FFBD168A /* Pods_VideoPlayerTests.framework */ = {isa = PBXFileReference; explicitFileType = wrapper.framework; includeInIndex = 0; path = Pods_VideoPlayerTests.framework; sourceTree = BUILT_PRODUCTS_DIR; };
/* End PBXFileReference section */

/* Begin PBXFrameworksBuildPhase section */
		A621D3E726D876A7006D4F65 /* Frameworks */ = {
			isa = PBXFrameworksBuildPhase;
			buildActionMask = 2147483647;
			files = (
				53173F34F04F038E77998400 /* Pods_VideoPlayer.framework in Frameworks */,
			);
			runOnlyForDeploymentPostprocessing = 0;
		};
		A621D3FD26D876A9006D4F65 /* Frameworks */ = {
			isa = PBXFrameworksBuildPhase;
			buildActionMask = 2147483647;
			files = (
				46D3B50C69D09717896081B1 /* Pods_VideoPlayerTests.framework in Frameworks */,
			);
			runOnlyForDeploymentPostprocessing = 0;
		};
		A621D40826D876A9006D4F65 /* Frameworks */ = {
			isa = PBXFrameworksBuildPhase;
			buildActionMask = 2147483647;
			files = (
			);
			runOnlyForDeploymentPostprocessing = 0;
		};
/* End PBXFrameworksBuildPhase section */

/* Begin PBXGroup section */
		3467B2BFD9EF4A2B9E90773E /* Frameworks */ = {
			isa = PBXGroup;
			children = (
				CED97FAC92B734B19CB8EE68 /* Pods_VideoPlayer.framework */,
				D494F20D123E2D58FFBD168A /* Pods_VideoPlayerTests.framework */,
			);
			name = Frameworks;
			sourceTree = "<group>";
		};
		A621D3E126D876A7006D4F65 = {
			isa = PBXGroup;
			children = (
				A621D3EC26D876A7006D4F65 /* VideoPlayer */,
				A621D40326D876A9006D4F65 /* VideoPlayerTests */,
				A621D40E26D876A9006D4F65 /* VideoPlayerUITests */,
				A621D3EB26D876A7006D4F65 /* Products */,
				FBB4166AE456EB34A7CBD5A0 /* Pods */,
				3467B2BFD9EF4A2B9E90773E /* Frameworks */,
			);
			sourceTree = "<group>";
		};
		A621D3EB26D876A7006D4F65 /* Products */ = {
			isa = PBXGroup;
			children = (
				A621D3EA26D876A7006D4F65 /* VideoPlayer.app */,
				A621D40026D876A9006D4F65 /* VideoPlayerTests.xctest */,
				A621D40B26D876A9006D4F65 /* VideoPlayerUITests.xctest */,
			);
			name = Products;
			sourceTree = "<group>";
		};
		A621D3EC26D876A7006D4F65 /* VideoPlayer */ = {
			isa = PBXGroup;
			children = (
				CE4D245627F10AC200F43BCA /* Extension */,
				CE7CAC0127F0688E00590B92 /* Repository */,
				CE7CABFE27F0683B00590B92 /* DataSource */,
				CE7CABEC27F0408200590B92 /* Service */,
				A621D3FB26D876A9006D4F65 /* Info.plist */,
				CEE1C5A527E5E35F001DAB32 /* ViewModel */,
				CEE1C5A427E5E350001DAB32 /* View */,
				CEE1C5A327E5E345001DAB32 /* Model */,
				CEE1C5A027E5DB01001DAB32 /* Storyboards */,
				CEE1C5A627E5E37F001DAB32 /* Supporting Files */,
			);
			path = VideoPlayer;
			sourceTree = "<group>";
		};
		A621D40326D876A9006D4F65 /* VideoPlayerTests */ = {
			isa = PBXGroup;
			children = (
				CE4D244927F103DB00F43BCA /* Repository */,
				CE4D244A27F103E800F43BCA /* DataSource */,
				CE4D245027F1060300F43BCA /* Model */,
				CE4D244627F1020000F43BCA /* ViewModel */,
				CE4D244B27F1042000F43BCA /* Mocks */,
				CE4D244C27F1049700F43BCA /* Utils */,
				A621D40426D876A9006D4F65 /* VideoPlayerTests.swift */,
				A621D40626D876A9006D4F65 /* Info.plist */,
			);
			path = VideoPlayerTests;
			sourceTree = "<group>";
		};
		A621D40E26D876A9006D4F65 /* VideoPlayerUITests */ = {
			isa = PBXGroup;
			children = (
				A621D40F26D876A9006D4F65 /* VideoPlayerUITests.swift */,
				A621D41126D876A9006D4F65 /* Info.plist */,
			);
			path = VideoPlayerUITests;
			sourceTree = "<group>";
		};
		CE4D244627F1020000F43BCA /* ViewModel */ = {
			isa = PBXGroup;
			children = (
				CE4D244727F1023500F43BCA /* ViewModelTests.swift */,
			);
			path = ViewModel;
			sourceTree = "<group>";
		};
		CE4D244927F103DB00F43BCA /* Repository */ = {
			isa = PBXGroup;
			children = (
			);
			path = Repository;
			sourceTree = "<group>";
		};
		CE4D244A27F103E800F43BCA /* DataSource */ = {
			isa = PBXGroup;
			children = (
			);
			path = DataSource;
			sourceTree = "<group>";
		};
		CE4D244B27F1042000F43BCA /* Mocks */ = {
			isa = PBXGroup;
			children = (
				CE4D244F27F1050700F43BCA /* playlist.json */,
				CE4D245327F1074200F43BCA /* DummyDataModel.swift */,
			);
			path = Mocks;
			sourceTree = "<group>";
		};
		CE4D244C27F1049700F43BCA /* Utils */ = {
			isa = PBXGroup;
			children = (
				CE4D244D27F104B300F43BCA /* DataProvider.swift */,
			);
			path = Utils;
			sourceTree = "<group>";
		};
		CE4D245027F1060300F43BCA /* Model */ = {
			isa = PBXGroup;
			children = (
				CE4D245127F1062200F43BCA /* VideoModelTests.swift */,
			);
			path = Model;
			sourceTree = "<group>";
		};
		CE4D245627F10AC200F43BCA /* Extension */ = {
			isa = PBXGroup;
			children = (
				CE4D245727F10AEC00F43BCA /* JSONDecoder+Extension.swift */,
			);
			path = Extension;
			sourceTree = "<group>";
		};
		CE7CABEC27F0408200590B92 /* Service */ = {
			isa = PBXGroup;
			children = (
				CE7CABED27F0409F00590B92 /* Http */,
				CE7CABFA27F04A1D00590B92 /* VideoAPI.swift */,
				CE7CABF827F049FD00590B92 /* VideoService.swift */,
			);
			path = Service;
			sourceTree = "<group>";
		};
		CE7CABED27F0409F00590B92 /* Http */ = {
			isa = PBXGroup;
			children = (
				CE7CABEE27F0411000590B92 /* HttpRouter.swift */,
				CE7CABF027F0422200590B92 /* HttpService.swift */,
				CE7CABF627F044B500590B92 /* VideoHttpRouter.swift */,
				CE7CABF427F0448200590B92 /* VideoHttpService.swift */,
			);
			path = Http;
			sourceTree = "<group>";
		};
		CE7CABFE27F0683B00590B92 /* DataSource */ = {
			isa = PBXGroup;
			children = (
				CE7CAC0627F0718200590B92 /* DataSource.swift */,
				CE7CABFF27F0685D00590B92 /* VideoDataSource.swift */,
			);
			path = DataSource;
			sourceTree = "<group>";
		};
		CE7CAC0127F0688E00590B92 /* Repository */ = {
			isa = PBXGroup;
			children = (
				CE7CAC0427F0716300590B92 /* Repository.swift */,
				CE7CAC0227F068B100590B92 /* VideoRepository.swift */,
			);
			path = Repository;
			sourceTree = "<group>";
		};
		CE93B0D927EE0CE70066517B /* Cell */ = {
			isa = PBXGroup;
			children = (
				CE93B0DA27EE0D120066517B /* Cell.xib */,
				CE93B0DC27EE0D1E0066517B /* Cell.swift */,
			);
			path = Cell;
			sourceTree = "<group>";
		};
		CEE1C5A027E5DB01001DAB32 /* Storyboards */ = {
			isa = PBXGroup;
			children = (
				A621D3F326D876A7006D4F65 /* Main.storyboard */,
				A621D3F826D876A9006D4F65 /* LaunchScreen.storyboard */,
			);
			path = Storyboards;
			sourceTree = "<group>";
		};
		CEE1C5A327E5E345001DAB32 /* Model */ = {
			isa = PBXGroup;
			children = (
				CE72C24D27E77E4F002B9937 /* VideoModel.swift */,
				CE7CABFC27F05A0600590B92 /* CustomError.swift */,
			);
			path = Model;
			sourceTree = "<group>";
		};
		CEE1C5A427E5E350001DAB32 /* View */ = {
			isa = PBXGroup;
			children = (
				CE93B0D927EE0CE70066517B /* Cell */,
				A621D3F126D876A7006D4F65 /* ViewController.swift */,
			);
			path = View;
			sourceTree = "<group>";
		};
		CEE1C5A527E5E35F001DAB32 /* ViewModel */ = {
			isa = PBXGroup;
			children = (
				CE72C24F27E861C3002B9937 /* ViewModel.swift */,
			);
			path = ViewModel;
			sourceTree = "<group>";
		};
		CEE1C5A627E5E37F001DAB32 /* Supporting Files */ = {
			isa = PBXGroup;
			children = (
				A621D3ED26D876A7006D4F65 /* AppDelegate.swift */,
				A621D3EF26D876A7006D4F65 /* SceneDelegate.swift */,
				A621D3F626D876A9006D4F65 /* Assets.xcassets */,
			);
			path = "Supporting Files";
			sourceTree = "<group>";
		};
		FBB4166AE456EB34A7CBD5A0 /* Pods */ = {
			isa = PBXGroup;
			children = (
				06169EDEEFF248EA52CFF30B /* Pods-VideoPlayer.debug.xcconfig */,
				BAAF6FC34B83158A16FD1554 /* Pods-VideoPlayer.release.xcconfig */,
				1F9E69D2187869931846E765 /* Pods-VideoPlayerTests.debug.xcconfig */,
				335779EC90667E514391626C /* Pods-VideoPlayerTests.release.xcconfig */,
			);
			path = Pods;
			sourceTree = "<group>";
		};
/* End PBXGroup section */

/* Begin PBXNativeTarget section */
		A621D3E926D876A7006D4F65 /* VideoPlayer */ = {
			isa = PBXNativeTarget;
			buildConfigurationList = A621D41426D876A9006D4F65 /* Build configuration list for PBXNativeTarget "VideoPlayer" */;
			buildPhases = (
				D280FC3F3FFD4300AE9FCE61 /* [CP] Check Pods Manifest.lock */,
				A621D3E626D876A7006D4F65 /* Sources */,
				A621D3E726D876A7006D4F65 /* Frameworks */,
				A621D3E826D876A7006D4F65 /* Resources */,
				C7F1D32FE37F14E24D94BD79 /* [CP] Embed Pods Frameworks */,
			);
			buildRules = (
			);
			dependencies = (
			);
			name = VideoPlayer;
			productName = VideoPlayer;
			productReference = A621D3EA26D876A7006D4F65 /* VideoPlayer.app */;
			productType = "com.apple.product-type.application";
		};
		A621D3FF26D876A9006D4F65 /* VideoPlayerTests */ = {
			isa = PBXNativeTarget;
			buildConfigurationList = A621D41726D876A9006D4F65 /* Build configuration list for PBXNativeTarget "VideoPlayerTests" */;
			buildPhases = (
				A355CC3D0691E7C91458E74D /* [CP] Check Pods Manifest.lock */,
				A621D3FC26D876A9006D4F65 /* Sources */,
				A621D3FD26D876A9006D4F65 /* Frameworks */,
				A621D3FE26D876A9006D4F65 /* Resources */,
				CE5C218BA5717F429B7297C4 /* [CP] Embed Pods Frameworks */,
			);
			buildRules = (
			);
			dependencies = (
				A621D40226D876A9006D4F65 /* PBXTargetDependency */,
			);
			name = VideoPlayerTests;
			productName = VideoPlayerTests;
			productReference = A621D40026D876A9006D4F65 /* VideoPlayerTests.xctest */;
			productType = "com.apple.product-type.bundle.unit-test";
		};
		A621D40A26D876A9006D4F65 /* VideoPlayerUITests */ = {
			isa = PBXNativeTarget;
			buildConfigurationList = A621D41A26D876A9006D4F65 /* Build configuration list for PBXNativeTarget "VideoPlayerUITests" */;
			buildPhases = (
				A621D40726D876A9006D4F65 /* Sources */,
				A621D40826D876A9006D4F65 /* Frameworks */,
				A621D40926D876A9006D4F65 /* Resources */,
			);
			buildRules = (
			);
			dependencies = (
				A621D40D26D876A9006D4F65 /* PBXTargetDependency */,
			);
			name = VideoPlayerUITests;
			productName = VideoPlayerUITests;
			productReference = A621D40B26D876A9006D4F65 /* VideoPlayerUITests.xctest */;
			productType = "com.apple.product-type.bundle.ui-testing";
		};
/* End PBXNativeTarget section */

/* Begin PBXProject section */
		A621D3E226D876A7006D4F65 /* Project object */ = {
			isa = PBXProject;
			attributes = {
				LastSwiftUpdateCheck = 1250;
				LastUpgradeCheck = 1250;
				TargetAttributes = {
					A621D3E926D876A7006D4F65 = {
						CreatedOnToolsVersion = 12.5.1;
					};
					A621D3FF26D876A9006D4F65 = {
						CreatedOnToolsVersion = 12.5.1;
						TestTargetID = A621D3E926D876A7006D4F65;
					};
					A621D40A26D876A9006D4F65 = {
						CreatedOnToolsVersion = 12.5.1;
						TestTargetID = A621D3E926D876A7006D4F65;
					};
				};
			};
			buildConfigurationList = A621D3E526D876A7006D4F65 /* Build configuration list for PBXProject "VideoPlayer" */;
			compatibilityVersion = "Xcode 9.3";
			developmentRegion = en;
			hasScannedForEncodings = 0;
			knownRegions = (
				en,
				Base,
			);
			mainGroup = A621D3E126D876A7006D4F65;
			productRefGroup = A621D3EB26D876A7006D4F65 /* Products */;
			projectDirPath = "";
			projectRoot = "";
			targets = (
				A621D3E926D876A7006D4F65 /* VideoPlayer */,
				A621D3FF26D876A9006D4F65 /* VideoPlayerTests */,
				A621D40A26D876A9006D4F65 /* VideoPlayerUITests */,
			);
		};
/* End PBXProject section */

/* Begin PBXResourcesBuildPhase section */
		A621D3E826D876A7006D4F65 /* Resources */ = {
			isa = PBXResourcesBuildPhase;
			buildActionMask = 2147483647;
			files = (
				A621D3FA26D876A9006D4F65 /* LaunchScreen.storyboard in Resources */,
				CE93B0DB27EE0D120066517B /* Cell.xib in Resources */,
				A621D3F726D876A9006D4F65 /* Assets.xcassets in Resources */,
				A621D3F526D876A7006D4F65 /* Main.storyboard in Resources */,
			);
			runOnlyForDeploymentPostprocessing = 0;
		};
		A621D3FE26D876A9006D4F65 /* Resources */ = {
			isa = PBXResourcesBuildPhase;
			buildActionMask = 2147483647;
			files = (
				CE4D245527F1074D00F43BCA /* playlist.json in Resources */,
			);
			runOnlyForDeploymentPostprocessing = 0;
		};
		A621D40926D876A9006D4F65 /* Resources */ = {
			isa = PBXResourcesBuildPhase;
			buildActionMask = 2147483647;
			files = (
			);
			runOnlyForDeploymentPostprocessing = 0;
		};
/* End PBXResourcesBuildPhase section */

/* Begin PBXShellScriptBuildPhase section */
		A355CC3D0691E7C91458E74D /* [CP] Check Pods Manifest.lock */ = {
			isa = PBXShellScriptBuildPhase;
			buildActionMask = 2147483647;
			files = (
			);
			inputFileListPaths = (
			);
			inputPaths = (
				"${PODS_PODFILE_DIR_PATH}/Podfile.lock",
				"${PODS_ROOT}/Manifest.lock",
			);
			name = "[CP] Check Pods Manifest.lock";
			outputFileListPaths = (
			);
			outputPaths = (
				"$(DERIVED_FILE_DIR)/Pods-VideoPlayerTests-checkManifestLockResult.txt",
			);
			runOnlyForDeploymentPostprocessing = 0;
			shellPath = /bin/sh;
			shellScript = "diff \"${PODS_PODFILE_DIR_PATH}/Podfile.lock\" \"${PODS_ROOT}/Manifest.lock\" > /dev/null\nif [ $? != 0 ] ; then\n    # print error to STDERR\n    echo \"error: The sandbox is not in sync with the Podfile.lock. Run 'pod install' or update your CocoaPods installation.\" >&2\n    exit 1\nfi\n# This output is used by Xcode 'outputs' to avoid re-running this script phase.\necho \"SUCCESS\" > \"${SCRIPT_OUTPUT_FILE_0}\"\n";
			showEnvVarsInLog = 0;
		};
		C7F1D32FE37F14E24D94BD79 /* [CP] Embed Pods Frameworks */ = {
			isa = PBXShellScriptBuildPhase;
			buildActionMask = 2147483647;
			files = (
			);
			inputFileListPaths = (
				"${PODS_ROOT}/Target Support Files/Pods-VideoPlayer/Pods-VideoPlayer-frameworks-${CONFIGURATION}-input-files.xcfilelist",
			);
			name = "[CP] Embed Pods Frameworks";
			outputFileListPaths = (
				"${PODS_ROOT}/Target Support Files/Pods-VideoPlayer/Pods-VideoPlayer-frameworks-${CONFIGURATION}-output-files.xcfilelist",
			);
			runOnlyForDeploymentPostprocessing = 0;
			shellPath = /bin/sh;
			shellScript = "\"${PODS_ROOT}/Target Support Files/Pods-VideoPlayer/Pods-VideoPlayer-frameworks.sh\"\n";
			showEnvVarsInLog = 0;
		};
		CE5C218BA5717F429B7297C4 /* [CP] Embed Pods Frameworks */ = {
			isa = PBXShellScriptBuildPhase;
			buildActionMask = 2147483647;
			files = (
			);
			inputFileListPaths = (
				"${PODS_ROOT}/Target Support Files/Pods-VideoPlayerTests/Pods-VideoPlayerTests-frameworks-${CONFIGURATION}-input-files.xcfilelist",
			);
			name = "[CP] Embed Pods Frameworks";
			outputFileListPaths = (
				"${PODS_ROOT}/Target Support Files/Pods-VideoPlayerTests/Pods-VideoPlayerTests-frameworks-${CONFIGURATION}-output-files.xcfilelist",
			);
			runOnlyForDeploymentPostprocessing = 0;
			shellPath = /bin/sh;
			shellScript = "\"${PODS_ROOT}/Target Support Files/Pods-VideoPlayerTests/Pods-VideoPlayerTests-frameworks.sh\"\n";
			showEnvVarsInLog = 0;
		};
		D280FC3F3FFD4300AE9FCE61 /* [CP] Check Pods Manifest.lock */ = {
			isa = PBXShellScriptBuildPhase;
			buildActionMask = 2147483647;
			files = (
			);
			inputFileListPaths = (
			);
			inputPaths = (
				"${PODS_PODFILE_DIR_PATH}/Podfile.lock",
				"${PODS_ROOT}/Manifest.lock",
			);
			name = "[CP] Check Pods Manifest.lock";
			outputFileListPaths = (
			);
			outputPaths = (
				"$(DERIVED_FILE_DIR)/Pods-VideoPlayer-checkManifestLockResult.txt",
			);
			runOnlyForDeploymentPostprocessing = 0;
			shellPath = /bin/sh;
			shellScript = "diff \"${PODS_PODFILE_DIR_PATH}/Podfile.lock\" \"${PODS_ROOT}/Manifest.lock\" > /dev/null\nif [ $? != 0 ] ; then\n    # print error to STDERR\n    echo \"error: The sandbox is not in sync with the Podfile.lock. Run 'pod install' or update your CocoaPods installation.\" >&2\n    exit 1\nfi\n# This output is used by Xcode 'outputs' to avoid re-running this script phase.\necho \"SUCCESS\" > \"${SCRIPT_OUTPUT_FILE_0}\"\n";
			showEnvVarsInLog = 0;
		};
/* End PBXShellScriptBuildPhase section */

/* Begin PBXSourcesBuildPhase section */
		A621D3E626D876A7006D4F65 /* Sources */ = {
			isa = PBXSourcesBuildPhase;
			buildActionMask = 2147483647;
			files = (
				CE4D245827F10AEC00F43BCA /* JSONDecoder+Extension.swift in Sources */,
				CE7CAC0027F0685D00590B92 /* VideoDataSource.swift in Sources */,
				A621D3F226D876A7006D4F65 /* ViewController.swift in Sources */,
				CE7CAC0327F068B100590B92 /* VideoRepository.swift in Sources */,
				A621D3EE26D876A7006D4F65 /* AppDelegate.swift in Sources */,
				A621D3F026D876A7006D4F65 /* SceneDelegate.swift in Sources */,
				CE7CAC0527F0716300590B92 /* Repository.swift in Sources */,
				CE7CABFD27F05A0600590B92 /* CustomError.swift in Sources */,
				CE7CABF527F0448200590B92 /* VideoHttpService.swift in Sources */,
				CE72C25027E861C3002B9937 /* ViewModel.swift in Sources */,
				CE72C24E27E77E4F002B9937 /* VideoModel.swift in Sources */,
				CE7CABFB27F04A1D00590B92 /* VideoAPI.swift in Sources */,
				CE7CAC0727F0718200590B92 /* DataSource.swift in Sources */,
				CE7CABF927F049FD00590B92 /* VideoService.swift in Sources */,
				CE7CABF127F0422200590B92 /* HttpService.swift in Sources */,
				CE93B0DD27EE0D1E0066517B /* Cell.swift in Sources */,
				CE7CABF727F044B500590B92 /* VideoHttpRouter.swift in Sources */,
				CE7CABEF27F0411000590B92 /* HttpRouter.swift in Sources */,
			);
			runOnlyForDeploymentPostprocessing = 0;
		};
		A621D3FC26D876A9006D4F65 /* Sources */ = {
			isa = PBXSourcesBuildPhase;
			buildActionMask = 2147483647;
			files = (
				CE4D245427F1074200F43BCA /* DummyDataModel.swift in Sources */,
				A621D40526D876A9006D4F65 /* VideoPlayerTests.swift in Sources */,
				CE4D244E27F104B300F43BCA /* DataProvider.swift in Sources */,
				CE4D244827F1023500F43BCA /* ViewModelTests.swift in Sources */,
				CE4D245227F1062200F43BCA /* VideoModelTests.swift in Sources */,
			);
			runOnlyForDeploymentPostprocessing = 0;
		};
		A621D40726D876A9006D4F65 /* Sources */ = {
			isa = PBXSourcesBuildPhase;
			buildActionMask = 2147483647;
			files = (
				A621D41026D876A9006D4F65 /* VideoPlayerUITests.swift in Sources */,
			);
			runOnlyForDeploymentPostprocessing = 0;
		};
/* End PBXSourcesBuildPhase section */

/* Begin PBXTargetDependency section */
		A621D40226D876A9006D4F65 /* PBXTargetDependency */ = {
			isa = PBXTargetDependency;
			target = A621D3E926D876A7006D4F65 /* VideoPlayer */;
			targetProxy = A621D40126D876A9006D4F65 /* PBXContainerItemProxy */;
		};
		A621D40D26D876A9006D4F65 /* PBXTargetDependency */ = {
			isa = PBXTargetDependency;
			target = A621D3E926D876A7006D4F65 /* VideoPlayer */;
			targetProxy = A621D40C26D876A9006D4F65 /* PBXContainerItemProxy */;
		};
/* End PBXTargetDependency section */

/* Begin PBXVariantGroup section */
		A621D3F326D876A7006D4F65 /* Main.storyboard */ = {
			isa = PBXVariantGroup;
			children = (
				A621D3F426D876A7006D4F65 /* Base */,
			);
			name = Main.storyboard;
			sourceTree = "<group>";
		};
		A621D3F826D876A9006D4F65 /* LaunchScreen.storyboard */ = {
			isa = PBXVariantGroup;
			children = (
				A621D3F926D876A9006D4F65 /* Base */,
			);
			name = LaunchScreen.storyboard;
			sourceTree = "<group>";
		};
/* End PBXVariantGroup section */

/* Begin XCBuildConfiguration section */
		A621D41226D876A9006D4F65 /* Debug */ = {
			isa = XCBuildConfiguration;
			buildSettings = {
				ALWAYS_SEARCH_USER_PATHS = NO;
				CLANG_ANALYZER_NONNULL = YES;
				CLANG_ANALYZER_NUMBER_OBJECT_CONVERSION = YES_AGGRESSIVE;
				CLANG_CXX_LANGUAGE_STANDARD = "gnu++14";
				CLANG_CXX_LIBRARY = "libc++";
				CLANG_ENABLE_MODULES = YES;
				CLANG_ENABLE_OBJC_ARC = YES;
				CLANG_ENABLE_OBJC_WEAK = YES;
				CLANG_WARN_BLOCK_CAPTURE_AUTORELEASING = YES;
				CLANG_WARN_BOOL_CONVERSION = YES;
				CLANG_WARN_COMMA = YES;
				CLANG_WARN_CONSTANT_CONVERSION = YES;
				CLANG_WARN_DEPRECATED_OBJC_IMPLEMENTATIONS = YES;
				CLANG_WARN_DIRECT_OBJC_ISA_USAGE = YES_ERROR;
				CLANG_WARN_DOCUMENTATION_COMMENTS = YES;
				CLANG_WARN_EMPTY_BODY = YES;
				CLANG_WARN_ENUM_CONVERSION = YES;
				CLANG_WARN_INFINITE_RECURSION = YES;
				CLANG_WARN_INT_CONVERSION = YES;
				CLANG_WARN_NON_LITERAL_NULL_CONVERSION = YES;
				CLANG_WARN_OBJC_IMPLICIT_RETAIN_SELF = YES;
				CLANG_WARN_OBJC_LITERAL_CONVERSION = YES;
				CLANG_WARN_OBJC_ROOT_CLASS = YES_ERROR;
				CLANG_WARN_QUOTED_INCLUDE_IN_FRAMEWORK_HEADER = YES;
				CLANG_WARN_RANGE_LOOP_ANALYSIS = YES;
				CLANG_WARN_STRICT_PROTOTYPES = YES;
				CLANG_WARN_SUSPICIOUS_MOVE = YES;
				CLANG_WARN_UNGUARDED_AVAILABILITY = YES_AGGRESSIVE;
				CLANG_WARN_UNREACHABLE_CODE = YES;
				CLANG_WARN__DUPLICATE_METHOD_MATCH = YES;
				COPY_PHASE_STRIP = NO;
				DEBUG_INFORMATION_FORMAT = dwarf;
				ENABLE_STRICT_OBJC_MSGSEND = YES;
				ENABLE_TESTABILITY = YES;
				GCC_C_LANGUAGE_STANDARD = gnu11;
				GCC_DYNAMIC_NO_PIC = NO;
				GCC_NO_COMMON_BLOCKS = YES;
				GCC_OPTIMIZATION_LEVEL = 0;
				GCC_PREPROCESSOR_DEFINITIONS = (
					"DEBUG=1",
					"$(inherited)",
				);
				GCC_WARN_64_TO_32_BIT_CONVERSION = YES;
				GCC_WARN_ABOUT_RETURN_TYPE = YES_ERROR;
				GCC_WARN_UNDECLARED_SELECTOR = YES;
				GCC_WARN_UNINITIALIZED_AUTOS = YES_AGGRESSIVE;
				GCC_WARN_UNUSED_FUNCTION = YES;
				GCC_WARN_UNUSED_VARIABLE = YES;
				IPHONEOS_DEPLOYMENT_TARGET = 13.0;
				MTL_ENABLE_DEBUG_INFO = INCLUDE_SOURCE;
				MTL_FAST_MATH = YES;
				ONLY_ACTIVE_ARCH = YES;
				SDKROOT = iphoneos;
				SWIFT_ACTIVE_COMPILATION_CONDITIONS = DEBUG;
				SWIFT_OPTIMIZATION_LEVEL = "-Onone";
			};
			name = Debug;
		};
		A621D41326D876A9006D4F65 /* Release */ = {
			isa = XCBuildConfiguration;
			buildSettings = {
				ALWAYS_SEARCH_USER_PATHS = NO;
				CLANG_ANALYZER_NONNULL = YES;
				CLANG_ANALYZER_NUMBER_OBJECT_CONVERSION = YES_AGGRESSIVE;
				CLANG_CXX_LANGUAGE_STANDARD = "gnu++14";
				CLANG_CXX_LIBRARY = "libc++";
				CLANG_ENABLE_MODULES = YES;
				CLANG_ENABLE_OBJC_ARC = YES;
				CLANG_ENABLE_OBJC_WEAK = YES;
				CLANG_WARN_BLOCK_CAPTURE_AUTORELEASING = YES;
				CLANG_WARN_BOOL_CONVERSION = YES;
				CLANG_WARN_COMMA = YES;
				CLANG_WARN_CONSTANT_CONVERSION = YES;
				CLANG_WARN_DEPRECATED_OBJC_IMPLEMENTATIONS = YES;
				CLANG_WARN_DIRECT_OBJC_ISA_USAGE = YES_ERROR;
				CLANG_WARN_DOCUMENTATION_COMMENTS = YES;
				CLANG_WARN_EMPTY_BODY = YES;
				CLANG_WARN_ENUM_CONVERSION = YES;
				CLANG_WARN_INFINITE_RECURSION = YES;
				CLANG_WARN_INT_CONVERSION = YES;
				CLANG_WARN_NON_LITERAL_NULL_CONVERSION = YES;
				CLANG_WARN_OBJC_IMPLICIT_RETAIN_SELF = YES;
				CLANG_WARN_OBJC_LITERAL_CONVERSION = YES;
				CLANG_WARN_OBJC_ROOT_CLASS = YES_ERROR;
				CLANG_WARN_QUOTED_INCLUDE_IN_FRAMEWORK_HEADER = YES;
				CLANG_WARN_RANGE_LOOP_ANALYSIS = YES;
				CLANG_WARN_STRICT_PROTOTYPES = YES;
				CLANG_WARN_SUSPICIOUS_MOVE = YES;
				CLANG_WARN_UNGUARDED_AVAILABILITY = YES_AGGRESSIVE;
				CLANG_WARN_UNREACHABLE_CODE = YES;
				CLANG_WARN__DUPLICATE_METHOD_MATCH = YES;
				COPY_PHASE_STRIP = NO;
				DEBUG_INFORMATION_FORMAT = "dwarf-with-dsym";
				ENABLE_NS_ASSERTIONS = NO;
				ENABLE_STRICT_OBJC_MSGSEND = YES;
				GCC_C_LANGUAGE_STANDARD = gnu11;
				GCC_NO_COMMON_BLOCKS = YES;
				GCC_WARN_64_TO_32_BIT_CONVERSION = YES;
				GCC_WARN_ABOUT_RETURN_TYPE = YES_ERROR;
				GCC_WARN_UNDECLARED_SELECTOR = YES;
				GCC_WARN_UNINITIALIZED_AUTOS = YES_AGGRESSIVE;
				GCC_WARN_UNUSED_FUNCTION = YES;
				GCC_WARN_UNUSED_VARIABLE = YES;
				IPHONEOS_DEPLOYMENT_TARGET = 13.0;
				MTL_ENABLE_DEBUG_INFO = NO;
				MTL_FAST_MATH = YES;
				SDKROOT = iphoneos;
				SWIFT_COMPILATION_MODE = wholemodule;
				SWIFT_OPTIMIZATION_LEVEL = "-O";
				VALIDATE_PRODUCT = YES;
			};
			name = Release;
		};
		A621D41526D876A9006D4F65 /* Debug */ = {
			isa = XCBuildConfiguration;
			baseConfigurationReference = 06169EDEEFF248EA52CFF30B /* Pods-VideoPlayer.debug.xcconfig */;
			buildSettings = {
				ASSETCATALOG_COMPILER_APPICON_NAME = AppIcon;
				ASSETCATALOG_COMPILER_GLOBAL_ACCENT_COLOR_NAME = AccentColor;
				CODE_SIGN_STYLE = Manual;
				INFOPLIST_FILE = VideoPlayer/Info.plist;
				LD_RUNPATH_SEARCH_PATHS = (
					"$(inherited)",
					"@executable_path/Frameworks",
				);
				PRODUCT_BUNDLE_IDENTIFIER = com.quipper.VideoPlayer;
				PRODUCT_NAME = "$(TARGET_NAME)";
				SWIFT_VERSION = 5.0;
				TARGETED_DEVICE_FAMILY = "1,2";
			};
			name = Debug;
		};
		A621D41626D876A9006D4F65 /* Release */ = {
			isa = XCBuildConfiguration;
			baseConfigurationReference = BAAF6FC34B83158A16FD1554 /* Pods-VideoPlayer.release.xcconfig */;
			buildSettings = {
				ASSETCATALOG_COMPILER_APPICON_NAME = AppIcon;
				ASSETCATALOG_COMPILER_GLOBAL_ACCENT_COLOR_NAME = AccentColor;
				CODE_SIGN_STYLE = Manual;
				INFOPLIST_FILE = VideoPlayer/Info.plist;
				LD_RUNPATH_SEARCH_PATHS = (
					"$(inherited)",
					"@executable_path/Frameworks",
				);
				PRODUCT_BUNDLE_IDENTIFIER = com.quipper.VideoPlayer;
				PRODUCT_NAME = "$(TARGET_NAME)";
				SWIFT_VERSION = 5.0;
				TARGETED_DEVICE_FAMILY = "1,2";
			};
			name = Release;
		};
		A621D41826D876A9006D4F65 /* Debug */ = {
			isa = XCBuildConfiguration;
			baseConfigurationReference = 1F9E69D2187869931846E765 /* Pods-VideoPlayerTests.debug.xcconfig */;
			buildSettings = {
				ALWAYS_EMBED_SWIFT_STANDARD_LIBRARIES = YES;
				BUNDLE_LOADER = "$(TEST_HOST)";
				CODE_SIGN_STYLE = Manual;
				INFOPLIST_FILE = VideoPlayerTests/Info.plist;
				IPHONEOS_DEPLOYMENT_TARGET = 13.0;
				LD_RUNPATH_SEARCH_PATHS = (
					"$(inherited)",
					"@executable_path/Frameworks",
					"@loader_path/Frameworks",
				);
				PRODUCT_BUNDLE_IDENTIFIER = com.quipper.VideoPlayerTests;
				PRODUCT_NAME = "$(TARGET_NAME)";
				SWIFT_VERSION = 5.0;
				TARGETED_DEVICE_FAMILY = "1,2";
				TEST_HOST = "$(BUILT_PRODUCTS_DIR)/VideoPlayer.app/VideoPlayer";
			};
			name = Debug;
		};
		A621D41926D876A9006D4F65 /* Release */ = {
			isa = XCBuildConfiguration;
			baseConfigurationReference = 335779EC90667E514391626C /* Pods-VideoPlayerTests.release.xcconfig */;
			buildSettings = {
				ALWAYS_EMBED_SWIFT_STANDARD_LIBRARIES = YES;
				BUNDLE_LOADER = "$(TEST_HOST)";
				CODE_SIGN_STYLE = Manual;
				INFOPLIST_FILE = VideoPlayerTests/Info.plist;
				IPHONEOS_DEPLOYMENT_TARGET = 13.0;
				LD_RUNPATH_SEARCH_PATHS = (
					"$(inherited)",
					"@executable_path/Frameworks",
					"@loader_path/Frameworks",
				);
				PRODUCT_BUNDLE_IDENTIFIER = com.quipper.VideoPlayerTests;
				PRODUCT_NAME = "$(TARGET_NAME)";
				SWIFT_VERSION = 5.0;
				TARGETED_DEVICE_FAMILY = "1,2";
				TEST_HOST = "$(BUILT_PRODUCTS_DIR)/VideoPlayer.app/VideoPlayer";
			};
			name = Release;
		};
		A621D41B26D876A9006D4F65 /* Debug */ = {
			isa = XCBuildConfiguration;
			buildSettings = {
				ALWAYS_EMBED_SWIFT_STANDARD_LIBRARIES = YES;
				CODE_SIGN_STYLE = Manual;
				INFOPLIST_FILE = VideoPlayerUITests/Info.plist;
				LD_RUNPATH_SEARCH_PATHS = (
					"$(inherited)",
					"@executable_path/Frameworks",
					"@loader_path/Frameworks",
				);
				PRODUCT_BUNDLE_IDENTIFIER = com.quipper.VideoPlayerUITests;
				PRODUCT_NAME = "$(TARGET_NAME)";
				SWIFT_VERSION = 5.0;
				TARGETED_DEVICE_FAMILY = "1,2";
				TEST_TARGET_NAME = VideoPlayer;
			};
			name = Debug;
		};
		A621D41C26D876A9006D4F65 /* Release */ = {
			isa = XCBuildConfiguration;
			buildSettings = {
				ALWAYS_EMBED_SWIFT_STANDARD_LIBRARIES = YES;
				CODE_SIGN_STYLE = Manual;
				INFOPLIST_FILE = VideoPlayerUITests/Info.plist;
				LD_RUNPATH_SEARCH_PATHS = (
					"$(inherited)",
					"@executable_path/Frameworks",
					"@loader_path/Frameworks",
				);
				PRODUCT_BUNDLE_IDENTIFIER = com.quipper.VideoPlayerUITests;
				PRODUCT_NAME = "$(TARGET_NAME)";
				SWIFT_VERSION = 5.0;
				TARGETED_DEVICE_FAMILY = "1,2";
				TEST_TARGET_NAME = VideoPlayer;
			};
			name = Release;
		};
/* End XCBuildConfiguration section */

/* Begin XCConfigurationList section */
		A621D3E526D876A7006D4F65 /* Build configuration list for PBXProject "VideoPlayer" */ = {
			isa = XCConfigurationList;
			buildConfigurations = (
				A621D41226D876A9006D4F65 /* Debug */,
				A621D41326D876A9006D4F65 /* Release */,
			);
			defaultConfigurationIsVisible = 0;
			defaultConfigurationName = Release;
		};
		A621D41426D876A9006D4F65 /* Build configuration list for PBXNativeTarget "VideoPlayer" */ = {
			isa = XCConfigurationList;
			buildConfigurations = (
				A621D41526D876A9006D4F65 /* Debug */,
				A621D41626D876A9006D4F65 /* Release */,
			);
			defaultConfigurationIsVisible = 0;
			defaultConfigurationName = Release;
		};
		A621D41726D876A9006D4F65 /* Build configuration list for PBXNativeTarget "VideoPlayerTests" */ = {
			isa = XCConfigurationList;
			buildConfigurations = (
				A621D41826D876A9006D4F65 /* Debug */,
				A621D41926D876A9006D4F65 /* Release */,
			);
			defaultConfigurationIsVisible = 0;
			defaultConfigurationName = Release;
		};
		A621D41A26D876A9006D4F65 /* Build configuration list for PBXNativeTarget "VideoPlayerUITests" */ = {
			isa = XCConfigurationList;
			buildConfigurations = (
				A621D41B26D876A9006D4F65 /* Debug */,
				A621D41C26D876A9006D4F65 /* Release */,
			);
			defaultConfigurationIsVisible = 0;
			defaultConfigurationName = Release;
		};
/* End XCConfigurationList section */
	};
	rootObject = A621D3E226D876A7006D4F65 /* Project object */;
}
